// !$*UTF8*$!
{
	archiveVersion = 1;
	classes = {
	};
	objectVersion = 56;
	objects = {

/* Begin PBXBuildFile section */
		0903DAC029ACF9A600058A1A /* MapsViewController.swift in Sources */ = {isa = PBXBuildFile; fileRef = 0903DABF29ACF9A600058A1A /* MapsViewController.swift */; };
		0932A4D429A7E50C00EEDFF8 /* AppDelegate.swift in Sources */ = {isa = PBXBuildFile; fileRef = 0932A4D329A7E50C00EEDFF8 /* AppDelegate.swift */; };
		0932A4D629A7E50C00EEDFF8 /* SceneDelegate.swift in Sources */ = {isa = PBXBuildFile; fileRef = 0932A4D529A7E50C00EEDFF8 /* SceneDelegate.swift */; };
		0932A4D829A7E50C00EEDFF8 /* TableVCReviews.swift in Sources */ = {isa = PBXBuildFile; fileRef = 0932A4D729A7E50C00EEDFF8 /* TableVCReviews.swift */; };
		0932A4DB29A7E50C00EEDFF8 /* Main.storyboard in Resources */ = {isa = PBXBuildFile; fileRef = 0932A4D929A7E50C00EEDFF8 /* Main.storyboard */; };
		0932A4DD29A7E50E00EEDFF8 /* Assets.xcassets in Resources */ = {isa = PBXBuildFile; fileRef = 0932A4DC29A7E50E00EEDFF8 /* Assets.xcassets */; };
		0932A4E029A7E50E00EEDFF8 /* LaunchScreen.storyboard in Resources */ = {isa = PBXBuildFile; fileRef = 0932A4DE29A7E50E00EEDFF8 /* LaunchScreen.storyboard */; };
		0932A4EB29A7E50F00EEDFF8 /* SteigerAndrewRateAPottyTests.swift in Sources */ = {isa = PBXBuildFile; fileRef = 0932A4EA29A7E50F00EEDFF8 /* SteigerAndrewRateAPottyTests.swift */; };
		0932A4F529A7E50F00EEDFF8 /* SteigerAndrewRateAPottyUITests.swift in Sources */ = {isa = PBXBuildFile; fileRef = 0932A4F429A7E50F00EEDFF8 /* SteigerAndrewRateAPottyUITests.swift */; };
		0932A4F729A7E50F00EEDFF8 /* SteigerAndrewRateAPottyUITestsLaunchTests.swift in Sources */ = {isa = PBXBuildFile; fileRef = 0932A4F629A7E50F00EEDFF8 /* SteigerAndrewRateAPottyUITestsLaunchTests.swift */; };
		0932A50429A7E60A00EEDFF8 /* AppConfig.swift in Sources */ = {isa = PBXBuildFile; fileRef = 0932A50329A7E60A00EEDFF8 /* AppConfig.swift */; };
		0932A50629A81A9100EEDFF8 /* AppData.swift in Sources */ = {isa = PBXBuildFile; fileRef = 0932A50529A81A9100EEDFF8 /* AppData.swift */; };
		0932A50829A826CD00EEDFF8 /* Extensions.swift in Sources */ = {isa = PBXBuildFile; fileRef = 0932A50729A826CD00EEDFF8 /* Extensions.swift */; };
		096C9DB629BBD99D00736CA6 /* ApiClient.swift in Sources */ = {isa = PBXBuildFile; fileRef = 096C9DB529BBD99D00736CA6 /* ApiClient.swift */; };
		096E6B1829A918C1003DB933 /* ReviewCell.swift in Sources */ = {isa = PBXBuildFile; fileRef = 096E6B1729A918C1003DB933 /* ReviewCell.swift */; };
		096E6B1A29A9AAEC003DB933 /* RatingStars.swift in Sources */ = {isa = PBXBuildFile; fileRef = 096E6B1929A9AAEC003DB933 /* RatingStars.swift */; };
		096E6B1C29AA8E80003DB933 /* RatingReviewSupport.swift in Sources */ = {isa = PBXBuildFile; fileRef = 096E6B1B29AA8E80003DB933 /* RatingReviewSupport.swift */; };
		096E6B2029AAAA8B003DB933 /* ReviewDetailViewController.swift in Sources */ = {isa = PBXBuildFile; fileRef = 096E6B1F29AAAA8B003DB933 /* ReviewDetailViewController.swift */; };
		09F21C6E29B3C92C0001DE78 /* LocationViewController.swift in Sources */ = {isa = PBXBuildFile; fileRef = 09F21C6D29B3C92C0001DE78 /* LocationViewController.swift */; };
		B6CDB7F5BAA308D3ABD9C1BC /* libPods-SteigerAndrewRateAPotty.a in Frameworks */ = {isa = PBXBuildFile; fileRef = CED7FE914B4AE983605022F5 /* libPods-SteigerAndrewRateAPotty.a */; };
/* End PBXBuildFile section */

/* Begin PBXContainerItemProxy section */
		0932A4E729A7E50F00EEDFF8 /* PBXContainerItemProxy */ = {
			isa = PBXContainerItemProxy;
			containerPortal = 0932A4C829A7E50C00EEDFF8 /* Project object */;
			proxyType = 1;
			remoteGlobalIDString = 0932A4CF29A7E50C00EEDFF8;
			remoteInfo = SteigerAndrewRateAPotty;
		};
		0932A4F129A7E50F00EEDFF8 /* PBXContainerItemProxy */ = {
			isa = PBXContainerItemProxy;
			containerPortal = 0932A4C829A7E50C00EEDFF8 /* Project object */;
			proxyType = 1;
			remoteGlobalIDString = 0932A4CF29A7E50C00EEDFF8;
			remoteInfo = SteigerAndrewRateAPotty;
		};
/* End PBXContainerItemProxy section */

/* Begin PBXFileReference section */
		0903DABF29ACF9A600058A1A /* MapsViewController.swift */ = {isa = PBXFileReference; lastKnownFileType = sourcecode.swift; path = MapsViewController.swift; sourceTree = "<group>"; };
		0903DAC129ADA18D00058A1A /* Podfile */ = {isa = PBXFileReference; lastKnownFileType = text; path = Podfile; sourceTree = "<group>"; xcLanguageSpecificationIdentifier = xcode.lang.ruby; };
		0903DAC329ADA76800058A1A /* README.md */ = {isa = PBXFileReference; lastKnownFileType = net.daringfireball.markdown; path = README.md; sourceTree = "<group>"; };
		0932A4D029A7E50C00EEDFF8 /* SteigerAndrewRateAPotty.app */ = {isa = PBXFileReference; explicitFileType = wrapper.application; includeInIndex = 0; path = SteigerAndrewRateAPotty.app; sourceTree = BUILT_PRODUCTS_DIR; };
		0932A4D329A7E50C00EEDFF8 /* AppDelegate.swift */ = {isa = PBXFileReference; lastKnownFileType = sourcecode.swift; path = AppDelegate.swift; sourceTree = "<group>"; };
		0932A4D529A7E50C00EEDFF8 /* SceneDelegate.swift */ = {isa = PBXFileReference; lastKnownFileType = sourcecode.swift; path = SceneDelegate.swift; sourceTree = "<group>"; };
		0932A4D729A7E50C00EEDFF8 /* TableVCReviews.swift */ = {isa = PBXFileReference; lastKnownFileType = sourcecode.swift; path = TableVCReviews.swift; sourceTree = "<group>"; };
		0932A4DA29A7E50C00EEDFF8 /* Base */ = {isa = PBXFileReference; lastKnownFileType = file.storyboard; name = Base; path = Base.lproj/Main.storyboard; sourceTree = "<group>"; };
		0932A4DC29A7E50E00EEDFF8 /* Assets.xcassets */ = {isa = PBXFileReference; lastKnownFileType = folder.assetcatalog; path = Assets.xcassets; sourceTree = "<group>"; };
		0932A4DF29A7E50E00EEDFF8 /* Base */ = {isa = PBXFileReference; lastKnownFileType = file.storyboard; name = Base; path = Base.lproj/LaunchScreen.storyboard; sourceTree = "<group>"; };
		0932A4E129A7E50E00EEDFF8 /* Info.plist */ = {isa = PBXFileReference; lastKnownFileType = text.plist.xml; path = Info.plist; sourceTree = "<group>"; };
		0932A4E629A7E50F00EEDFF8 /* SteigerAndrewRateAPottyTests.xctest */ = {isa = PBXFileReference; explicitFileType = wrapper.cfbundle; includeInIndex = 0; path = SteigerAndrewRateAPottyTests.xctest; sourceTree = BUILT_PRODUCTS_DIR; };
		0932A4EA29A7E50F00EEDFF8 /* SteigerAndrewRateAPottyTests.swift */ = {isa = PBXFileReference; lastKnownFileType = sourcecode.swift; path = SteigerAndrewRateAPottyTests.swift; sourceTree = "<group>"; };
		0932A4F029A7E50F00EEDFF8 /* SteigerAndrewRateAPottyUITests.xctest */ = {isa = PBXFileReference; explicitFileType = wrapper.cfbundle; includeInIndex = 0; path = SteigerAndrewRateAPottyUITests.xctest; sourceTree = BUILT_PRODUCTS_DIR; };
		0932A4F429A7E50F00EEDFF8 /* SteigerAndrewRateAPottyUITests.swift */ = {isa = PBXFileReference; lastKnownFileType = sourcecode.swift; path = SteigerAndrewRateAPottyUITests.swift; sourceTree = "<group>"; };
		0932A4F629A7E50F00EEDFF8 /* SteigerAndrewRateAPottyUITestsLaunchTests.swift */ = {isa = PBXFileReference; lastKnownFileType = sourcecode.swift; path = SteigerAndrewRateAPottyUITestsLaunchTests.swift; sourceTree = "<group>"; };
		0932A50329A7E60A00EEDFF8 /* AppConfig.swift */ = {isa = PBXFileReference; lastKnownFileType = sourcecode.swift; path = AppConfig.swift; sourceTree = "<group>"; };
		0932A50529A81A9100EEDFF8 /* AppData.swift */ = {isa = PBXFileReference; lastKnownFileType = sourcecode.swift; path = AppData.swift; sourceTree = "<group>"; };
		0932A50729A826CD00EEDFF8 /* Extensions.swift */ = {isa = PBXFileReference; lastKnownFileType = sourcecode.swift; path = Extensions.swift; sourceTree = "<group>"; };
		096C9DB529BBD99D00736CA6 /* ApiClient.swift */ = {isa = PBXFileReference; lastKnownFileType = sourcecode.swift; path = ApiClient.swift; sourceTree = "<group>"; };
		096E6B1729A918C1003DB933 /* ReviewCell.swift */ = {isa = PBXFileReference; lastKnownFileType = sourcecode.swift; path = ReviewCell.swift; sourceTree = "<group>"; };
		096E6B1929A9AAEC003DB933 /* RatingStars.swift */ = {isa = PBXFileReference; lastKnownFileType = sourcecode.swift; path = RatingStars.swift; sourceTree = "<group>"; };
		096E6B1B29AA8E80003DB933 /* RatingReviewSupport.swift */ = {isa = PBXFileReference; lastKnownFileType = sourcecode.swift; path = RatingReviewSupport.swift; sourceTree = "<group>"; };
		096E6B1F29AAAA8B003DB933 /* ReviewDetailViewController.swift */ = {isa = PBXFileReference; lastKnownFileType = sourcecode.swift; path = ReviewDetailViewController.swift; sourceTree = "<group>"; };
		09F21C6C29B117190001DE78 /* SteigerAndrewRateAPotty.entitlements */ = {isa = PBXFileReference; lastKnownFileType = text.plist.entitlements; path = SteigerAndrewRateAPotty.entitlements; sourceTree = "<group>"; };
		09F21C6D29B3C92C0001DE78 /* LocationViewController.swift */ = {isa = PBXFileReference; lastKnownFileType = sourcecode.swift; path = LocationViewController.swift; sourceTree = "<group>"; };
		881B94C02B14DDCA685EA8FF /* Pods-SteigerAndrewRateAPotty.release.xcconfig */ = {isa = PBXFileReference; includeInIndex = 1; lastKnownFileType = text.xcconfig; name = "Pods-SteigerAndrewRateAPotty.release.xcconfig"; path = "Target Support Files/Pods-SteigerAndrewRateAPotty/Pods-SteigerAndrewRateAPotty.release.xcconfig"; sourceTree = "<group>"; };
		CED7FE914B4AE983605022F5 /* libPods-SteigerAndrewRateAPotty.a */ = {isa = PBXFileReference; explicitFileType = archive.ar; includeInIndex = 0; path = "libPods-SteigerAndrewRateAPotty.a"; sourceTree = BUILT_PRODUCTS_DIR; };
		F66CB170B0ABC56B115BF9AC /* Pods-SteigerAndrewRateAPotty.debug.xcconfig */ = {isa = PBXFileReference; includeInIndex = 1; lastKnownFileType = text.xcconfig; name = "Pods-SteigerAndrewRateAPotty.debug.xcconfig"; path = "Target Support Files/Pods-SteigerAndrewRateAPotty/Pods-SteigerAndrewRateAPotty.debug.xcconfig"; sourceTree = "<group>"; };
/* End PBXFileReference section */

/* Begin PBXFrameworksBuildPhase section */
		0932A4CD29A7E50C00EEDFF8 /* Frameworks */ = {
			isa = PBXFrameworksBuildPhase;
			buildActionMask = 2147483647;
			files = (
				B6CDB7F5BAA308D3ABD9C1BC /* libPods-SteigerAndrewRateAPotty.a in Frameworks */,
			);
			runOnlyForDeploymentPostprocessing = 0;
		};
		0932A4E329A7E50F00EEDFF8 /* Frameworks */ = {
			isa = PBXFrameworksBuildPhase;
			buildActionMask = 2147483647;
			files = (
			);
			runOnlyForDeploymentPostprocessing = 0;
		};
		0932A4ED29A7E50F00EEDFF8 /* Frameworks */ = {
			isa = PBXFrameworksBuildPhase;
			buildActionMask = 2147483647;
			files = (
			);
			runOnlyForDeploymentPostprocessing = 0;
		};
/* End PBXFrameworksBuildPhase section */

/* Begin PBXGroup section */
		0932A4C729A7E50C00EEDFF8 = {
			isa = PBXGroup;
			children = (
				0903DAC329ADA76800058A1A /* README.md */,
				0903DAC129ADA18D00058A1A /* Podfile */,
				0932A4D229A7E50C00EEDFF8 /* SteigerAndrewRateAPotty */,
				0932A4E929A7E50F00EEDFF8 /* SteigerAndrewRateAPottyTests */,
				0932A4F329A7E50F00EEDFF8 /* SteigerAndrewRateAPottyUITests */,
				0932A4D129A7E50C00EEDFF8 /* Products */,
				533394EC8E3D88CD62613F12 /* Pods */,
				B1E0ACC8F76CBD914A21DCE6 /* Frameworks */,
			);
			sourceTree = "<group>";
		};
		0932A4D129A7E50C00EEDFF8 /* Products */ = {
			isa = PBXGroup;
			children = (
				0932A4D029A7E50C00EEDFF8 /* SteigerAndrewRateAPotty.app */,
				0932A4E629A7E50F00EEDFF8 /* SteigerAndrewRateAPottyTests.xctest */,
				0932A4F029A7E50F00EEDFF8 /* SteigerAndrewRateAPottyUITests.xctest */,
			);
			name = Products;
			sourceTree = "<group>";
		};
		0932A4D229A7E50C00EEDFF8 /* SteigerAndrewRateAPotty */ = {
			isa = PBXGroup;
			children = (
				09F21C6C29B117190001DE78 /* SteigerAndrewRateAPotty.entitlements */,
				0932A4D329A7E50C00EEDFF8 /* AppDelegate.swift */,
				0932A4D529A7E50C00EEDFF8 /* SceneDelegate.swift */,
				0932A4D729A7E50C00EEDFF8 /* TableVCReviews.swift */,
				0932A4D929A7E50C00EEDFF8 /* Main.storyboard */,
				0932A4DC29A7E50E00EEDFF8 /* Assets.xcassets */,
				0932A4DE29A7E50E00EEDFF8 /* LaunchScreen.storyboard */,
				0932A4E129A7E50E00EEDFF8 /* Info.plist */,
				096C9DB529BBD99D00736CA6 /* ApiClient.swift */,
				0932A50329A7E60A00EEDFF8 /* AppConfig.swift */,
				0932A50529A81A9100EEDFF8 /* AppData.swift */,
				0932A50729A826CD00EEDFF8 /* Extensions.swift */,
				096E6B1729A918C1003DB933 /* ReviewCell.swift */,
				096E6B1929A9AAEC003DB933 /* RatingStars.swift */,
				096E6B1B29AA8E80003DB933 /* RatingReviewSupport.swift */,
				096E6B1F29AAAA8B003DB933 /* ReviewDetailViewController.swift */,
				0903DABF29ACF9A600058A1A /* MapsViewController.swift */,
				09F21C6D29B3C92C0001DE78 /* LocationViewController.swift */,
			);
			path = SteigerAndrewRateAPotty;
			sourceTree = "<group>";
		};
		0932A4E929A7E50F00EEDFF8 /* SteigerAndrewRateAPottyTests */ = {
			isa = PBXGroup;
			children = (
				0932A4EA29A7E50F00EEDFF8 /* SteigerAndrewRateAPottyTests.swift */,
			);
			path = SteigerAndrewRateAPottyTests;
			sourceTree = "<group>";
		};
		0932A4F329A7E50F00EEDFF8 /* SteigerAndrewRateAPottyUITests */ = {
			isa = PBXGroup;
			children = (
				0932A4F429A7E50F00EEDFF8 /* SteigerAndrewRateAPottyUITests.swift */,
				0932A4F629A7E50F00EEDFF8 /* SteigerAndrewRateAPottyUITestsLaunchTests.swift */,
			);
			path = SteigerAndrewRateAPottyUITests;
			sourceTree = "<group>";
		};
		533394EC8E3D88CD62613F12 /* Pods */ = {
			isa = PBXGroup;
			children = (
				F66CB170B0ABC56B115BF9AC /* Pods-SteigerAndrewRateAPotty.debug.xcconfig */,
				881B94C02B14DDCA685EA8FF /* Pods-SteigerAndrewRateAPotty.release.xcconfig */,
			);
			path = Pods;
			sourceTree = "<group>";
		};
		B1E0ACC8F76CBD914A21DCE6 /* Frameworks */ = {
			isa = PBXGroup;
			children = (
				CED7FE914B4AE983605022F5 /* libPods-SteigerAndrewRateAPotty.a */,
			);
			name = Frameworks;
			sourceTree = "<group>";
		};
/* End PBXGroup section */

/* Begin PBXNativeTarget section */
		0932A4CF29A7E50C00EEDFF8 /* SteigerAndrewRateAPotty */ = {
			isa = PBXNativeTarget;
			buildConfigurationList = 0932A4FA29A7E50F00EEDFF8 /* Build configuration list for PBXNativeTarget "SteigerAndrewRateAPotty" */;
			buildPhases = (
				53CDB4726F3783C66D917032 /* [CP] Check Pods Manifest.lock */,
				0932A4CC29A7E50C00EEDFF8 /* Sources */,
				0932A4CD29A7E50C00EEDFF8 /* Frameworks */,
				0932A4CE29A7E50C00EEDFF8 /* Resources */,
				FA9123507FD80575412C0E21 /* [CP] Copy Pods Resources */,
			);
			buildRules = (
			);
			dependencies = (
			);
			name = SteigerAndrewRateAPotty;
			productName = SteigerAndrewRateAPotty;
			productReference = 0932A4D029A7E50C00EEDFF8 /* SteigerAndrewRateAPotty.app */;
			productType = "com.apple.product-type.application";
		};
		0932A4E529A7E50F00EEDFF8 /* SteigerAndrewRateAPottyTests */ = {
			isa = PBXNativeTarget;
			buildConfigurationList = 0932A4FD29A7E50F00EEDFF8 /* Build configuration list for PBXNativeTarget "SteigerAndrewRateAPottyTests" */;
			buildPhases = (
				0932A4E229A7E50F00EEDFF8 /* Sources */,
				0932A4E329A7E50F00EEDFF8 /* Frameworks */,
				0932A4E429A7E50F00EEDFF8 /* Resources */,
			);
			buildRules = (
			);
			dependencies = (
				0932A4E829A7E50F00EEDFF8 /* PBXTargetDependency */,
			);
			name = SteigerAndrewRateAPottyTests;
			productName = SteigerAndrewRateAPottyTests;
			productReference = 0932A4E629A7E50F00EEDFF8 /* SteigerAndrewRateAPottyTests.xctest */;
			productType = "com.apple.product-type.bundle.unit-test";
		};
		0932A4EF29A7E50F00EEDFF8 /* SteigerAndrewRateAPottyUITests */ = {
			isa = PBXNativeTarget;
			buildConfigurationList = 0932A50029A7E50F00EEDFF8 /* Build configuration list for PBXNativeTarget "SteigerAndrewRateAPottyUITests" */;
			buildPhases = (
				0932A4EC29A7E50F00EEDFF8 /* Sources */,
				0932A4ED29A7E50F00EEDFF8 /* Frameworks */,
				0932A4EE29A7E50F00EEDFF8 /* Resources */,
			);
			buildRules = (
			);
			dependencies = (
				0932A4F229A7E50F00EEDFF8 /* PBXTargetDependency */,
			);
			name = SteigerAndrewRateAPottyUITests;
			productName = SteigerAndrewRateAPottyUITests;
			productReference = 0932A4F029A7E50F00EEDFF8 /* SteigerAndrewRateAPottyUITests.xctest */;
			productType = "com.apple.product-type.bundle.ui-testing";
		};
/* End PBXNativeTarget section */

/* Begin PBXProject section */
		0932A4C829A7E50C00EEDFF8 /* Project object */ = {
			isa = PBXProject;
			attributes = {
				BuildIndependentTargetsInParallel = 1;
				LastSwiftUpdateCheck = 1420;
				LastUpgradeCheck = 1420;
				TargetAttributes = {
					0932A4CF29A7E50C00EEDFF8 = {
						CreatedOnToolsVersion = 14.2;
					};
					0932A4E529A7E50F00EEDFF8 = {
						CreatedOnToolsVersion = 14.2;
						TestTargetID = 0932A4CF29A7E50C00EEDFF8;
					};
					0932A4EF29A7E50F00EEDFF8 = {
						CreatedOnToolsVersion = 14.2;
						TestTargetID = 0932A4CF29A7E50C00EEDFF8;
					};
				};
			};
			buildConfigurationList = 0932A4CB29A7E50C00EEDFF8 /* Build configuration list for PBXProject "SteigerAndrewRateAPotty" */;
			compatibilityVersion = "Xcode 14.0";
			developmentRegion = en;
			hasScannedForEncodings = 0;
			knownRegions = (
				en,
				Base,
			);
			mainGroup = 0932A4C729A7E50C00EEDFF8;
			productRefGroup = 0932A4D129A7E50C00EEDFF8 /* Products */;
			projectDirPath = "";
			projectRoot = "";
			targets = (
				0932A4CF29A7E50C00EEDFF8 /* SteigerAndrewRateAPotty */,
				0932A4E529A7E50F00EEDFF8 /* SteigerAndrewRateAPottyTests */,
				0932A4EF29A7E50F00EEDFF8 /* SteigerAndrewRateAPottyUITests */,
			);
		};
/* End PBXProject section */

/* Begin PBXResourcesBuildPhase section */
		0932A4CE29A7E50C00EEDFF8 /* Resources */ = {
			isa = PBXResourcesBuildPhase;
			buildActionMask = 2147483647;
			files = (
				0932A4E029A7E50E00EEDFF8 /* LaunchScreen.storyboard in Resources */,
				0932A4DD29A7E50E00EEDFF8 /* Assets.xcassets in Resources */,
				0932A4DB29A7E50C00EEDFF8 /* Main.storyboard in Resources */,
			);
			runOnlyForDeploymentPostprocessing = 0;
		};
		0932A4E429A7E50F00EEDFF8 /* Resources */ = {
			isa = PBXResourcesBuildPhase;
			buildActionMask = 2147483647;
			files = (
			);
			runOnlyForDeploymentPostprocessing = 0;
		};
		0932A4EE29A7E50F00EEDFF8 /* Resources */ = {
			isa = PBXResourcesBuildPhase;
			buildActionMask = 2147483647;
			files = (
			);
			runOnlyForDeploymentPostprocessing = 0;
		};
/* End PBXResourcesBuildPhase section */

/* Begin PBXShellScriptBuildPhase section */
		53CDB4726F3783C66D917032 /* [CP] Check Pods Manifest.lock */ = {
			isa = PBXShellScriptBuildPhase;
			buildActionMask = 2147483647;
			files = (
			);
			inputFileListPaths = (
			);
			inputPaths = (
				"${PODS_PODFILE_DIR_PATH}/Podfile.lock",
				"${PODS_ROOT}/Manifest.lock",
			);
			name = "[CP] Check Pods Manifest.lock";
			outputFileListPaths = (
			);
			outputPaths = (
				"$(DERIVED_FILE_DIR)/Pods-SteigerAndrewRateAPotty-checkManifestLockResult.txt",
			);
			runOnlyForDeploymentPostprocessing = 0;
			shellPath = /bin/sh;
			shellScript = "diff \"${PODS_PODFILE_DIR_PATH}/Podfile.lock\" \"${PODS_ROOT}/Manifest.lock\" > /dev/null\nif [ $? != 0 ] ; then\n    # print error to STDERR\n    echo \"error: The sandbox is not in sync with the Podfile.lock. Run 'pod install' or update your CocoaPods installation.\" >&2\n    exit 1\nfi\n# This output is used by Xcode 'outputs' to avoid re-running this script phase.\necho \"SUCCESS\" > \"${SCRIPT_OUTPUT_FILE_0}\"\n";
			showEnvVarsInLog = 0;
		};
		FA9123507FD80575412C0E21 /* [CP] Copy Pods Resources */ = {
			isa = PBXShellScriptBuildPhase;
			buildActionMask = 2147483647;
			files = (
			);
			inputFileListPaths = (
				"${PODS_ROOT}/Target Support Files/Pods-SteigerAndrewRateAPotty/Pods-SteigerAndrewRateAPotty-resources-${CONFIGURATION}-input-files.xcfilelist",
			);
			name = "[CP] Copy Pods Resources";
			outputFileListPaths = (
				"${PODS_ROOT}/Target Support Files/Pods-SteigerAndrewRateAPotty/Pods-SteigerAndrewRateAPotty-resources-${CONFIGURATION}-output-files.xcfilelist",
			);
			runOnlyForDeploymentPostprocessing = 0;
			shellPath = /bin/sh;
			shellScript = "\"${PODS_ROOT}/Target Support Files/Pods-SteigerAndrewRateAPotty/Pods-SteigerAndrewRateAPotty-resources.sh\"\n";
			showEnvVarsInLog = 0;
		};
/* End PBXShellScriptBuildPhase section */

/* Begin PBXSourcesBuildPhase section */
		0932A4CC29A7E50C00EEDFF8 /* Sources */ = {
			isa = PBXSourcesBuildPhase;
			buildActionMask = 2147483647;
			files = (
				096E6B2029AAAA8B003DB933 /* ReviewDetailViewController.swift in Sources */,
				0932A4D829A7E50C00EEDFF8 /* TableVCReviews.swift in Sources */,
				0932A50829A826CD00EEDFF8 /* Extensions.swift in Sources */,
				09F21C6E29B3C92C0001DE78 /* LocationViewController.swift in Sources */,
				0932A50429A7E60A00EEDFF8 /* AppConfig.swift in Sources */,
				0932A4D429A7E50C00EEDFF8 /* AppDelegate.swift in Sources */,
				0932A4D629A7E50C00EEDFF8 /* SceneDelegate.swift in Sources */,
				0932A50629A81A9100EEDFF8 /* AppData.swift in Sources */,
				096C9DB629BBD99D00736CA6 /* ApiClient.swift in Sources */,
				096E6B1C29AA8E80003DB933 /* RatingReviewSupport.swift in Sources */,
				096E6B1A29A9AAEC003DB933 /* RatingStars.swift in Sources */,
				096E6B1829A918C1003DB933 /* ReviewCell.swift in Sources */,
				0903DAC029ACF9A600058A1A /* MapsViewController.swift in Sources */,
			);
			runOnlyForDeploymentPostprocessing = 0;
		};
		0932A4E229A7E50F00EEDFF8 /* Sources */ = {
			isa = PBXSourcesBuildPhase;
			buildActionMask = 2147483647;
			files = (
				0932A4EB29A7E50F00EEDFF8 /* SteigerAndrewRateAPottyTests.swift in Sources */,
			);
			runOnlyForDeploymentPostprocessing = 0;
		};
		0932A4EC29A7E50F00EEDFF8 /* Sources */ = {
			isa = PBXSourcesBuildPhase;
			buildActionMask = 2147483647;
			files = (
				0932A4F729A7E50F00EEDFF8 /* SteigerAndrewRateAPottyUITestsLaunchTests.swift in Sources */,
				0932A4F529A7E50F00EEDFF8 /* SteigerAndrewRateAPottyUITests.swift in Sources */,
			);
			runOnlyForDeploymentPostprocessing = 0;
		};
/* End PBXSourcesBuildPhase section */

/* Begin PBXTargetDependency section */
		0932A4E829A7E50F00EEDFF8 /* PBXTargetDependency */ = {
			isa = PBXTargetDependency;
			target = 0932A4CF29A7E50C00EEDFF8 /* SteigerAndrewRateAPotty */;
			targetProxy = 0932A4E729A7E50F00EEDFF8 /* PBXContainerItemProxy */;
		};
		0932A4F229A7E50F00EEDFF8 /* PBXTargetDependency */ = {
			isa = PBXTargetDependency;
			target = 0932A4CF29A7E50C00EEDFF8 /* SteigerAndrewRateAPotty */;
			targetProxy = 0932A4F129A7E50F00EEDFF8 /* PBXContainerItemProxy */;
		};
/* End PBXTargetDependency section */

/* Begin PBXVariantGroup section */
		0932A4D929A7E50C00EEDFF8 /* Main.storyboard */ = {
			isa = PBXVariantGroup;
			children = (
				0932A4DA29A7E50C00EEDFF8 /* Base */,
			);
			name = Main.storyboard;
			sourceTree = "<group>";
		};
		0932A4DE29A7E50E00EEDFF8 /* LaunchScreen.storyboard */ = {
			isa = PBXVariantGroup;
			children = (
				0932A4DF29A7E50E00EEDFF8 /* Base */,
			);
			name = LaunchScreen.storyboard;
			sourceTree = "<group>";
		};
/* End PBXVariantGroup section */

/* Begin XCBuildConfiguration section */
		0932A4F829A7E50F00EEDFF8 /* Debug */ = {
			isa = XCBuildConfiguration;
			buildSettings = {
				ALWAYS_SEARCH_USER_PATHS = NO;
				CLANG_ANALYZER_NONNULL = YES;
				CLANG_ANALYZER_NUMBER_OBJECT_CONVERSION = YES_AGGRESSIVE;
				CLANG_CXX_LANGUAGE_STANDARD = "gnu++20";
				CLANG_ENABLE_MODULES = YES;
				CLANG_ENABLE_OBJC_ARC = YES;
				CLANG_ENABLE_OBJC_WEAK = YES;
				CLANG_WARN_BLOCK_CAPTURE_AUTORELEASING = YES;
				CLANG_WARN_BOOL_CONVERSION = YES;
				CLANG_WARN_COMMA = YES;
				CLANG_WARN_CONSTANT_CONVERSION = YES;
				CLANG_WARN_DEPRECATED_OBJC_IMPLEMENTATIONS = YES;
				CLANG_WARN_DIRECT_OBJC_ISA_USAGE = YES_ERROR;
				CLANG_WARN_DOCUMENTATION_COMMENTS = YES;
				CLANG_WARN_EMPTY_BODY = YES;
				CLANG_WARN_ENUM_CONVERSION = YES;
				CLANG_WARN_INFINITE_RECURSION = YES;
				CLANG_WARN_INT_CONVERSION = YES;
				CLANG_WARN_NON_LITERAL_NULL_CONVERSION = YES;
				CLANG_WARN_OBJC_IMPLICIT_RETAIN_SELF = YES;
				CLANG_WARN_OBJC_LITERAL_CONVERSION = YES;
				CLANG_WARN_OBJC_ROOT_CLASS = YES_ERROR;
				CLANG_WARN_QUOTED_INCLUDE_IN_FRAMEWORK_HEADER = YES;
				CLANG_WARN_RANGE_LOOP_ANALYSIS = YES;
				CLANG_WARN_STRICT_PROTOTYPES = YES;
				CLANG_WARN_SUSPICIOUS_MOVE = YES;
				CLANG_WARN_UNGUARDED_AVAILABILITY = YES_AGGRESSIVE;
				CLANG_WARN_UNREACHABLE_CODE = YES;
				CLANG_WARN__DUPLICATE_METHOD_MATCH = YES;
				COPY_PHASE_STRIP = NO;
				DEBUG_INFORMATION_FORMAT = dwarf;
				ENABLE_STRICT_OBJC_MSGSEND = YES;
				ENABLE_TESTABILITY = YES;
				GCC_C_LANGUAGE_STANDARD = gnu11;
				GCC_DYNAMIC_NO_PIC = NO;
				GCC_NO_COMMON_BLOCKS = YES;
				GCC_OPTIMIZATION_LEVEL = 0;
				GCC_PREPROCESSOR_DEFINITIONS = (
					"DEBUG=1",
					"$(inherited)",
				);
				GCC_WARN_64_TO_32_BIT_CONVERSION = YES;
				GCC_WARN_ABOUT_RETURN_TYPE = YES_ERROR;
				GCC_WARN_UNDECLARED_SELECTOR = YES;
				GCC_WARN_UNINITIALIZED_AUTOS = YES_AGGRESSIVE;
				GCC_WARN_UNUSED_FUNCTION = YES;
				GCC_WARN_UNUSED_VARIABLE = YES;
				IPHONEOS_DEPLOYMENT_TARGET = 16.2;
				MTL_ENABLE_DEBUG_INFO = INCLUDE_SOURCE;
				MTL_FAST_MATH = YES;
				ONLY_ACTIVE_ARCH = YES;
				SDKROOT = iphoneos;
				SWIFT_ACTIVE_COMPILATION_CONDITIONS = DEBUG;
				SWIFT_OPTIMIZATION_LEVEL = "-Onone";
			};
			name = Debug;
		};
		0932A4F929A7E50F00EEDFF8 /* Release */ = {
			isa = XCBuildConfiguration;
			buildSettings = {
				ALWAYS_SEARCH_USER_PATHS = NO;
				CLANG_ANALYZER_NONNULL = YES;
				CLANG_ANALYZER_NUMBER_OBJECT_CONVERSION = YES_AGGRESSIVE;
				CLANG_CXX_LANGUAGE_STANDARD = "gnu++20";
				CLANG_ENABLE_MODULES = YES;
				CLANG_ENABLE_OBJC_ARC = YES;
				CLANG_ENABLE_OBJC_WEAK = YES;
				CLANG_WARN_BLOCK_CAPTURE_AUTORELEASING = YES;
				CLANG_WARN_BOOL_CONVERSION = YES;
				CLANG_WARN_COMMA = YES;
				CLANG_WARN_CONSTANT_CONVERSION = YES;
				CLANG_WARN_DEPRECATED_OBJC_IMPLEMENTATIONS = YES;
				CLANG_WARN_DIRECT_OBJC_ISA_USAGE = YES_ERROR;
				CLANG_WARN_DOCUMENTATION_COMMENTS = YES;
				CLANG_WARN_EMPTY_BODY = YES;
				CLANG_WARN_ENUM_CONVERSION = YES;
				CLANG_WARN_INFINITE_RECURSION = YES;
				CLANG_WARN_INT_CONVERSION = YES;
				CLANG_WARN_NON_LITERAL_NULL_CONVERSION = YES;
				CLANG_WARN_OBJC_IMPLICIT_RETAIN_SELF = YES;
				CLANG_WARN_OBJC_LITERAL_CONVERSION = YES;
				CLANG_WARN_OBJC_ROOT_CLASS = YES_ERROR;
				CLANG_WARN_QUOTED_INCLUDE_IN_FRAMEWORK_HEADER = YES;
				CLANG_WARN_RANGE_LOOP_ANALYSIS = YES;
				CLANG_WARN_STRICT_PROTOTYPES = YES;
				CLANG_WARN_SUSPICIOUS_MOVE = YES;
				CLANG_WARN_UNGUARDED_AVAILABILITY = YES_AGGRESSIVE;
				CLANG_WARN_UNREACHABLE_CODE = YES;
				CLANG_WARN__DUPLICATE_METHOD_MATCH = YES;
				COPY_PHASE_STRIP = NO;
				DEBUG_INFORMATION_FORMAT = "dwarf-with-dsym";
				ENABLE_NS_ASSERTIONS = NO;
				ENABLE_STRICT_OBJC_MSGSEND = YES;
				GCC_C_LANGUAGE_STANDARD = gnu11;
				GCC_NO_COMMON_BLOCKS = YES;
				GCC_WARN_64_TO_32_BIT_CONVERSION = YES;
				GCC_WARN_ABOUT_RETURN_TYPE = YES_ERROR;
				GCC_WARN_UNDECLARED_SELECTOR = YES;
				GCC_WARN_UNINITIALIZED_AUTOS = YES_AGGRESSIVE;
				GCC_WARN_UNUSED_FUNCTION = YES;
				GCC_WARN_UNUSED_VARIABLE = YES;
				IPHONEOS_DEPLOYMENT_TARGET = 16.2;
				MTL_ENABLE_DEBUG_INFO = NO;
				MTL_FAST_MATH = YES;
				SDKROOT = iphoneos;
				SWIFT_COMPILATION_MODE = wholemodule;
				SWIFT_OPTIMIZATION_LEVEL = "-O";
				VALIDATE_PRODUCT = YES;
			};
			name = Release;
		};
		0932A4FB29A7E50F00EEDFF8 /* Debug */ = {
			isa = XCBuildConfiguration;
			baseConfigurationReference = F66CB170B0ABC56B115BF9AC /* Pods-SteigerAndrewRateAPotty.debug.xcconfig */;
			buildSettings = {
				ASSETCATALOG_COMPILER_APPICON_NAME = AppIcon;
				ASSETCATALOG_COMPILER_GLOBAL_ACCENT_COLOR_NAME = AccentColor;
				CODE_SIGN_ENTITLEMENTS = SteigerAndrewRateAPotty/SteigerAndrewRateAPotty.entitlements;
				CODE_SIGN_IDENTITY = "Apple Development";
				CODE_SIGN_STYLE = Automatic;
				CURRENT_PROJECT_VERSION = 1;
				DEVELOPMENT_TEAM = 3R8R665ACK;
				GENERATE_INFOPLIST_FILE = YES;
				INFOPLIST_FILE = SteigerAndrewRateAPotty/Info.plist;
				INFOPLIST_KEY_NSLocationAlwaysAndWhenInUseUsageDescription = "Always and in use permissions";
				INFOPLIST_KEY_NSLocationAlwaysUsageDescription = "always permissions";
				INFOPLIST_KEY_NSLocationWhenInUseUsageDescription = "When in use permissions";
				INFOPLIST_KEY_UIApplicationSupportsIndirectInputEvents = YES;
				INFOPLIST_KEY_UILaunchStoryboardName = LaunchScreen;
				INFOPLIST_KEY_UIMainStoryboardFile = Main;
				INFOPLIST_KEY_UISupportedInterfaceOrientations_iPad = "UIInterfaceOrientationPortrait UIInterfaceOrientationPortraitUpsideDown UIInterfaceOrientationLandscapeLeft UIInterfaceOrientationLandscapeRight";
				INFOPLIST_KEY_UISupportedInterfaceOrientations_iPhone = "UIInterfaceOrientationPortrait UIInterfaceOrientationLandscapeLeft UIInterfaceOrientationLandscapeRight";
				LD_RUNPATH_SEARCH_PATHS = (
					"$(inherited)",
					"@executable_path/Frameworks",
				);
				MARKETING_VERSION = 1.0;
				PRODUCT_BUNDLE_IDENTIFIER = com.andrewsteiger14.SteigerAndrewRateAPotty;
				PRODUCT_NAME = "$(TARGET_NAME)";
				PROVISIONING_PROFILE_SPECIFIER = "";
				SWIFT_EMIT_LOC_STRINGS = YES;
				SWIFT_VERSION = 5.0;
				TARGETED_DEVICE_FAMILY = "1,2";
			};
			name = Debug;
		};
		0932A4FC29A7E50F00EEDFF8 /* Release */ = {
			isa = XCBuildConfiguration;
			baseConfigurationReference = 881B94C02B14DDCA685EA8FF /* Pods-SteigerAndrewRateAPotty.release.xcconfig */;
			buildSettings = {
				ASSETCATALOG_COMPILER_APPICON_NAME = AppIcon;
				ASSETCATALOG_COMPILER_GLOBAL_ACCENT_COLOR_NAME = AccentColor;
				CODE_SIGN_ENTITLEMENTS = SteigerAndrewRateAPotty/SteigerAndrewRateAPotty.entitlements;
				CODE_SIGN_IDENTITY = "Apple Development";
				CODE_SIGN_STYLE = Automatic;
				CURRENT_PROJECT_VERSION = 1;
				DEVELOPMENT_TEAM = 3R8R665ACK;
				GENERATE_INFOPLIST_FILE = YES;
				INFOPLIST_FILE = SteigerAndrewRateAPotty/Info.plist;
				INFOPLIST_KEY_NSLocationAlwaysAndWhenInUseUsageDescription = "Always and in use permissions";
				INFOPLIST_KEY_NSLocationAlwaysUsageDescription = "always permissions";
				INFOPLIST_KEY_NSLocationWhenInUseUsageDescription = "When in use permissions";
				INFOPLIST_KEY_UIApplicationSupportsIndirectInputEvents = YES;
				INFOPLIST_KEY_UILaunchStoryboardName = LaunchScreen;
				INFOPLIST_KEY_UIMainStoryboardFile = Main;
				INFOPLIST_KEY_UISupportedInterfaceOrientations_iPad = "UIInterfaceOrientationPortrait UIInterfaceOrientationPortraitUpsideDown UIInterfaceOrientationLandscapeLeft UIInterfaceOrientationLandscapeRight";
				INFOPLIST_KEY_UISupportedInterfaceOrientations_iPhone = "UIInterfaceOrientationPortrait UIInterfaceOrientationLandscapeLeft UIInterfaceOrientationLandscapeRight";
				LD_RUNPATH_SEARCH_PATHS = (
					"$(inherited)",
					"@executable_path/Frameworks",
				);
				MARKETING_VERSION = 1.0;
				PRODUCT_BUNDLE_IDENTIFIER = com.andrewsteiger14.SteigerAndrewRateAPotty;
				PRODUCT_NAME = "$(TARGET_NAME)";
				PROVISIONING_PROFILE_SPECIFIER = "";
				SWIFT_EMIT_LOC_STRINGS = YES;
				SWIFT_VERSION = 5.0;
				TARGETED_DEVICE_FAMILY = "1,2";
			};
			name = Release;
		};
		0932A4FE29A7E50F00EEDFF8 /* Debug */ = {
			isa = XCBuildConfiguration;
			buildSettings = {
				ALWAYS_EMBED_SWIFT_STANDARD_LIBRARIES = YES;
				BUNDLE_LOADER = "$(TEST_HOST)";
				CODE_SIGN_STYLE = Automatic;
				CURRENT_PROJECT_VERSION = 1;
				DEVELOPMENT_TEAM = 3R8R665ACK;
				GENERATE_INFOPLIST_FILE = YES;
				IPHONEOS_DEPLOYMENT_TARGET = 16.2;
				MARKETING_VERSION = 1.0;
				PRODUCT_BUNDLE_IDENTIFIER = com.andrewsteiger14.SteigerAndrewRateAPottyTests;
				PRODUCT_NAME = "$(TARGET_NAME)";
				SWIFT_EMIT_LOC_STRINGS = NO;
				SWIFT_VERSION = 5.0;
				TARGETED_DEVICE_FAMILY = "1,2";
				TEST_HOST = "$(BUILT_PRODUCTS_DIR)/SteigerAndrewRateAPotty.app/$(BUNDLE_EXECUTABLE_FOLDER_PATH)/SteigerAndrewRateAPotty";
			};
			name = Debug;
		};
		0932A4FF29A7E50F00EEDFF8 /* Release */ = {
			isa = XCBuildConfiguration;
			buildSettings = {
				ALWAYS_EMBED_SWIFT_STANDARD_LIBRARIES = YES;
				BUNDLE_LOADER = "$(TEST_HOST)";
				CODE_SIGN_STYLE = Automatic;
				CURRENT_PROJECT_VERSION = 1;
				DEVELOPMENT_TEAM = 3R8R665ACK;
				GENERATE_INFOPLIST_FILE = YES;
				IPHONEOS_DEPLOYMENT_TARGET = 16.2;
				MARKETING_VERSION = 1.0;
				PRODUCT_BUNDLE_IDENTIFIER = com.andrewsteiger14.SteigerAndrewRateAPottyTests;
				PRODUCT_NAME = "$(TARGET_NAME)";
				SWIFT_EMIT_LOC_STRINGS = NO;
				SWIFT_VERSION = 5.0;
				TARGETED_DEVICE_FAMILY = "1,2";
				TEST_HOST = "$(BUILT_PRODUCTS_DIR)/SteigerAndrewRateAPotty.app/$(BUNDLE_EXECUTABLE_FOLDER_PATH)/SteigerAndrewRateAPotty";
			};
			name = Release;
		};
		0932A50129A7E50F00EEDFF8 /* Debug */ = {
			isa = XCBuildConfiguration;
			buildSettings = {
				ALWAYS_EMBED_SWIFT_STANDARD_LIBRARIES = YES;
				CODE_SIGN_STYLE = Automatic;
				CURRENT_PROJECT_VERSION = 1;
				DEVELOPMENT_TEAM = 3R8R665ACK;
				GENERATE_INFOPLIST_FILE = YES;
				MARKETING_VERSION = 1.0;
				PRODUCT_BUNDLE_IDENTIFIER = com.andrewsteiger14.SteigerAndrewRateAPottyUITests;
				PRODUCT_NAME = "$(TARGET_NAME)";
				SWIFT_EMIT_LOC_STRINGS = NO;
				SWIFT_VERSION = 5.0;
				TARGETED_DEVICE_FAMILY = "1,2";
				TEST_TARGET_NAME = SteigerAndrewRateAPotty;
			};
			name = Debug;
		};
		0932A50229A7E50F00EEDFF8 /* Release */ = {
			isa = XCBuildConfiguration;
			buildSettings = {
				ALWAYS_EMBED_SWIFT_STANDARD_LIBRARIES = YES;
				CODE_SIGN_STYLE = Automatic;
				CURRENT_PROJECT_VERSION = 1;
				DEVELOPMENT_TEAM = 3R8R665ACK;
				GENERATE_INFOPLIST_FILE = YES;
				MARKETING_VERSION = 1.0;
				PRODUCT_BUNDLE_IDENTIFIER = com.andrewsteiger14.SteigerAndrewRateAPottyUITests;
				PRODUCT_NAME = "$(TARGET_NAME)";
				SWIFT_EMIT_LOC_STRINGS = NO;
				SWIFT_VERSION = 5.0;
				TARGETED_DEVICE_FAMILY = "1,2";
				TEST_TARGET_NAME = SteigerAndrewRateAPotty;
			};
			name = Release;
		};
/* End XCBuildConfiguration section */

/* Begin XCConfigurationList section */
		0932A4CB29A7E50C00EEDFF8 /* Build configuration list for PBXProject "SteigerAndrewRateAPotty" */ = {
			isa = XCConfigurationList;
			buildConfigurations = (
				0932A4F829A7E50F00EEDFF8 /* Debug */,
				0932A4F929A7E50F00EEDFF8 /* Release */,
			);
			defaultConfigurationIsVisible = 0;
			defaultConfigurationName = Release;
		};
		0932A4FA29A7E50F00EEDFF8 /* Build configuration list for PBXNativeTarget "SteigerAndrewRateAPotty" */ = {
			isa = XCConfigurationList;
			buildConfigurations = (
				0932A4FB29A7E50F00EEDFF8 /* Debug */,
				0932A4FC29A7E50F00EEDFF8 /* Release */,
			);
			defaultConfigurationIsVisible = 0;
			defaultConfigurationName = Release;
		};
		0932A4FD29A7E50F00EEDFF8 /* Build configuration list for PBXNativeTarget "SteigerAndrewRateAPottyTests" */ = {
			isa = XCConfigurationList;
			buildConfigurations = (
				0932A4FE29A7E50F00EEDFF8 /* Debug */,
				0932A4FF29A7E50F00EEDFF8 /* Release */,
			);
			defaultConfigurationIsVisible = 0;
			defaultConfigurationName = Release;
		};
		0932A50029A7E50F00EEDFF8 /* Build configuration list for PBXNativeTarget "SteigerAndrewRateAPottyUITests" */ = {
			isa = XCConfigurationList;
			buildConfigurations = (
				0932A50129A7E50F00EEDFF8 /* Debug */,
				0932A50229A7E50F00EEDFF8 /* Release */,
			);
			defaultConfigurationIsVisible = 0;
			defaultConfigurationName = Release;
		};
/* End XCConfigurationList section */
	};
	rootObject = 0932A4C829A7E50C00EEDFF8 /* Project object */;
}
